lockfileVersion: 5.3

specifiers:
  aws-cdk-lib: ^2.39.0

dependencies:
  aws-cdk-lib: 2.39.0

packages:

  /aws-cdk-lib/2.39.0:
    resolution: {integrity: sha512-YhXSE6bGS8hQxYygftp3VbaFEz19wl4B1tUAjKjW1rNs3ZpNGnW6o1AVA3Yuc5DlaELrIjXxF0/f+5SvSpYkTA==}
    engines: {node: '>= 14.15.0'}
    peerDependencies:
      constructs: ^10.0.0
    dev: false
    bundledDependencies:
      - '@balena/dockerignore'
      - case
      - fs-extra
      - ignore
      - jsonschema
      - minimatch
      - punycode
      - semver
      - yaml
